
Microsoft Visual Studio Solution File, Format Version 12.00
# Visual Studio Version 17
VisualStudioVersion = 17.4.33205.214
MinimumVisualStudioVersion = 10.0.40219.1
Project("{FAE04EC0-301F-11D3-BF4B-00C04F79EFBC}") = "Number2Chinese", "Number2Chinese\Number2Chinese.csproj", "{3AB4BD7B-B32B-4893-9FBF-63AAC3CEAA10}"
EndProject
Project("{FAE04EC0-301F-11D3-BF4B-00C04F79EFBC}") = "Test", "Test\Test.csproj", "{FD2825A3-0865-4F9E-A256-AE5552425F8E}"
EndProject
Project("{FAE04EC0-301F-11D3-BF4B-00C04F79EFBC}") = "Benchmark", "Benchmark\Benchmark.csproj", "{3BA24431-8303-46CF-BCB5-7F0F90C3FD65}"
EndProject
Global
	GlobalSection(SolutionConfigurationPlatforms) = preSolution
		Debug|Any CPU = Debug|Any CPU
		Release|Any CPU = Release|Any CPU
	EndGlobalSection
	GlobalSection(ProjectConfigurationPlatforms) = postSolution
		{3AB4BD7B-B32B-4893-9FBF-63AAC3CEAA10}.Debug|Any CPU.ActiveCfg = Debug|Any CPU
		{3AB4BD7B-B32B-4893-9FBF-63AAC3CEAA10}.Debug|Any CPU.Build.0 = Debug|Any CPU
		{3AB4BD7B-B32B-4893-9FBF-63AAC3CEAA10}.Release|Any CPU.ActiveCfg = Release|Any CPU
		{3AB4BD7B-B32B-4893-9FBF-63AAC3CEAA10}.Release|Any CPU.Build.0 = Release|Any CPU
		{FD2825A3-0865-4F9E-A256-AE5552425F8E}.Debug|Any CPU.ActiveCfg = Debug|Any CPU
		{FD2825A3-0865-4F9E-A256-AE5552425F8E}.Debug|Any CPU.Build.0 = Debug|Any CPU
		{FD2825A3-0865-4F9E-A256-AE5552425F8E}.Release|Any CPU.ActiveCfg = Release|Any CPU
		{FD2825A3-0865-4F9E-A256-AE5552425F8E}.Release|Any CPU.Build.0 = Release|Any CPU
		{3BA24431-8303-46CF-BCB5-7F0F90C3FD65}.Debug|Any CPU.ActiveCfg = Debug|Any CPU
		{3BA24431-8303-46CF-BCB5-7F0F90C3FD65}.Debug|Any CPU.Build.0 = Debug|Any CPU
		{3BA24431-8303-46CF-BCB5-7F0F90C3FD65}.Release|Any CPU.ActiveCfg = Release|Any CPU
		{3BA24431-8303-46CF-BCB5-7F0F90C3FD65}.Release|Any CPU.Build.0 = Release|Any CPU
	EndGlobalSection
	GlobalSection(SolutionProperties) = preSolution
		HideSolutionNode = FALSE
	EndGlobalSection
	GlobalSection(ExtensibilityGlobals) = postSolution
		SolutionGuid = {070C7CE0-C043-4BE9-AA20-4B027E5F027F}
	EndGlobalSection
EndGlobal
